
Microsoft Visual Studio Solution File, Format Version 10.00
# Visual Studio 2008
Project("{FAE04EC0-301F-11D3-BF4B-00C04F79EFBC}") = "Data4", "Data4\Data4.csproj", "{7BDEAA15-729F-4A97-97E4-4C66A8A135B7}"
EndProject
Project("{FAE04EC0-301F-11D3-BF4B-00C04F79EFBC}") = "Process4", "Process4\Process4.csproj", "{484C8A01-0F2F-4A9D-94A0-9B05FD08B409}"
EndProject
Project("{FAE04EC0-301F-11D3-BF4B-00C04F79EFBC}") = "Process4.Task", "Process4.Task\Process4.Task.csproj", "{F983A878-9551-42B8-9379-877A43213E22}"
EndProject
Project("{FAE04EC0-301F-11D3-BF4B-00C04F79EFBC}") = "Examples.PeerToPeer", "Examples.PeerToPeer\Examples.PeerToPeer.csproj", "{B4FFEF16-476B-4C68-A649-F7F2EDB00333}"
EndProject
Project("{FAE04EC0-301F-11D3-BF4B-00C04F79EFBC}") = "Examples.ServerClient", "Examples.ServerClient\Examples.ServerClient.csproj", "{EC10311F-4AD5-427C-91D0-100516A01A94}"
EndProject
Global
	GlobalSection(SolutionConfigurationPlatforms) = preSolution
		Debug|x86 = Debug|x86
		Hudson|x86 = Hudson|x86
		Release|x86 = Release|x86
	EndGlobalSection
	GlobalSection(ProjectConfigurationPlatforms) = postSolution
		{7BDEAA15-729F-4A97-97E4-4C66A8A135B7}.Debug|x86.ActiveCfg = Debug|x86
		{7BDEAA15-729F-4A97-97E4-4C66A8A135B7}.Debug|x86.Build.0 = Debug|x86
		{7BDEAA15-729F-4A97-97E4-4C66A8A135B7}.Hudson|x86.ActiveCfg = Hudson|x86
		{7BDEAA15-729F-4A97-97E4-4C66A8A135B7}.Hudson|x86.Build.0 = Hudson|x86
		{7BDEAA15-729F-4A97-97E4-4C66A8A135B7}.Release|x86.ActiveCfg = Release|x86
		{7BDEAA15-729F-4A97-97E4-4C66A8A135B7}.Release|x86.Build.0 = Release|x86
		{484C8A01-0F2F-4A9D-94A0-9B05FD08B409}.Debug|x86.ActiveCfg = Debug|x86
		{484C8A01-0F2F-4A9D-94A0-9B05FD08B409}.Debug|x86.Build.0 = Debug|x86
		{484C8A01-0F2F-4A9D-94A0-9B05FD08B409}.Hudson|x86.ActiveCfg = Hudson|x86
		{484C8A01-0F2F-4A9D-94A0-9B05FD08B409}.Hudson|x86.Build.0 = Hudson|x86
		{484C8A01-0F2F-4A9D-94A0-9B05FD08B409}.Release|x86.ActiveCfg = Release|x86
		{484C8A01-0F2F-4A9D-94A0-9B05FD08B409}.Release|x86.Build.0 = Release|x86
		{F983A878-9551-42B8-9379-877A43213E22}.Debug|x86.ActiveCfg = Debug|x86
		{F983A878-9551-42B8-9379-877A43213E22}.Debug|x86.Build.0 = Debug|x86
		{F983A878-9551-42B8-9379-877A43213E22}.Hudson|x86.ActiveCfg = Hudson|x86
		{F983A878-9551-42B8-9379-877A43213E22}.Hudson|x86.Build.0 = Hudson|x86
		{F983A878-9551-42B8-9379-877A43213E22}.Release|x86.ActiveCfg = Release|x86
		{F983A878-9551-42B8-9379-877A43213E22}.Release|x86.Build.0 = Release|x86
		{B4FFEF16-476B-4C68-A649-F7F2EDB00333}.Debug|x86.ActiveCfg = Debug|x86
		{B4FFEF16-476B-4C68-A649-F7F2EDB00333}.Debug|x86.Build.0 = Debug|x86
		{B4FFEF16-476B-4C68-A649-F7F2EDB00333}.Hudson|x86.ActiveCfg = Hudson|x86
		{B4FFEF16-476B-4C68-A649-F7F2EDB00333}.Release|x86.ActiveCfg = Release|x86
		{B4FFEF16-476B-4C68-A649-F7F2EDB00333}.Release|x86.Build.0 = Release|x86
		{EC10311F-4AD5-427C-91D0-100516A01A94}.Debug|x86.ActiveCfg = Debug|x86
		{EC10311F-4AD5-427C-91D0-100516A01A94}.Debug|x86.Build.0 = Debug|x86
		{EC10311F-4AD5-427C-91D0-100516A01A94}.Hudson|x86.ActiveCfg = Hudson|x86
		{EC10311F-4AD5-427C-91D0-100516A01A94}.Release|x86.ActiveCfg = Release|x86
		{EC10311F-4AD5-427C-91D0-100516A01A94}.Release|x86.Build.0 = Release|x86
	EndGlobalSection
	GlobalSection(SolutionProperties) = preSolution
		HideSolutionNode = FALSE
	EndGlobalSection
EndGlobal
