
Microsoft Visual Studio Solution File, Format Version 11.00
# Visual Studio 2010
Project("{2150E333-8FDC-42A3-9474-1A3956D46DE8}") = "Solution Items", "Solution Items", "{BE660F24-C1B2-4C43-8D0F-D3AC9C0EA6C7}"
	ProjectSection(SolutionItems) = preProject
		VersionInfo.cs = VersionInfo.cs
	EndProjectSection
EndProject
Project("{FAE04EC0-301F-11D3-BF4B-00C04F79EFBC}") = "Data4", "Data4\Data4.csproj", "{7BDEAA15-729F-4A97-97E4-4C66A8A135B7}"
EndProject
Project("{FAE04EC0-301F-11D3-BF4B-00C04F79EFBC}") = "Process4", "Process4\Process4.csproj", "{484C8A01-0F2F-4A9D-94A0-9B05FD08B409}"
EndProject
Project("{FAE04EC0-301F-11D3-BF4B-00C04F79EFBC}") = "Process4.Task", "Process4.Task\Process4.Task.csproj", "{F983A878-9551-42B8-9379-877A43213E22}"
EndProject
Project("{FAE04EC0-301F-11D3-BF4B-00C04F79EFBC}") = "Examples.PeerToPeer", "Examples.PeerToPeer\Examples.PeerToPeer.csproj", "{B4FFEF16-476B-4C68-A649-F7F2EDB00333}"
EndProject
Project("{FAE04EC0-301F-11D3-BF4B-00C04F79EFBC}") = "Examples.ServerClient", "Examples.ServerClient\Examples.ServerClient.csproj", "{EC10311F-4AD5-427C-91D0-100516A01A94}"
EndProject
Project("{FAE04EC0-301F-11D3-BF4B-00C04F79EFBC}") = "Examples.PeerToPeerSigned", "Examples.PeerToPeerSigned\Examples.PeerToPeerSigned.csproj", "{974DE2F4-B951-465F-9E8F-BC96AEFA0768}"
EndProject
Global
	GlobalSection(SolutionConfigurationPlatforms) = preSolution
		Debug|Any CPU = Debug|Any CPU
		Release|Any CPU = Release|Any CPU
	EndGlobalSection
	GlobalSection(ProjectConfigurationPlatforms) = postSolution
		{484C8A01-0F2F-4A9D-94A0-9B05FD08B409}.Debug|Any CPU.ActiveCfg = Debug|Any CPU
		{484C8A01-0F2F-4A9D-94A0-9B05FD08B409}.Debug|Any CPU.Build.0 = Debug|Any CPU
		{484C8A01-0F2F-4A9D-94A0-9B05FD08B409}.Release|Any CPU.ActiveCfg = Release|Any CPU
		{484C8A01-0F2F-4A9D-94A0-9B05FD08B409}.Release|Any CPU.Build.0 = Release|Any CPU
		{7BDEAA15-729F-4A97-97E4-4C66A8A135B7}.Debug|Any CPU.ActiveCfg = Debug|Any CPU
		{7BDEAA15-729F-4A97-97E4-4C66A8A135B7}.Debug|Any CPU.Build.0 = Debug|Any CPU
		{7BDEAA15-729F-4A97-97E4-4C66A8A135B7}.Release|Any CPU.ActiveCfg = Release|Any CPU
		{7BDEAA15-729F-4A97-97E4-4C66A8A135B7}.Release|Any CPU.Build.0 = Release|Any CPU
		{974DE2F4-B951-465F-9E8F-BC96AEFA0768}.Debug|Any CPU.ActiveCfg = Debug|Any CPU
		{974DE2F4-B951-465F-9E8F-BC96AEFA0768}.Debug|Any CPU.Build.0 = Debug|Any CPU
		{974DE2F4-B951-465F-9E8F-BC96AEFA0768}.Release|Any CPU.ActiveCfg = Release|Any CPU
		{974DE2F4-B951-465F-9E8F-BC96AEFA0768}.Release|Any CPU.Build.0 = Release|Any CPU
		{B4FFEF16-476B-4C68-A649-F7F2EDB00333}.Debug|Any CPU.ActiveCfg = Debug|Any CPU
		{B4FFEF16-476B-4C68-A649-F7F2EDB00333}.Debug|Any CPU.Build.0 = Debug|Any CPU
		{B4FFEF16-476B-4C68-A649-F7F2EDB00333}.Release|Any CPU.ActiveCfg = Release|Any CPU
		{B4FFEF16-476B-4C68-A649-F7F2EDB00333}.Release|Any CPU.Build.0 = Release|Any CPU
		{EC10311F-4AD5-427C-91D0-100516A01A94}.Debug|Any CPU.ActiveCfg = Debug|Any CPU
		{EC10311F-4AD5-427C-91D0-100516A01A94}.Debug|Any CPU.Build.0 = Debug|Any CPU
		{EC10311F-4AD5-427C-91D0-100516A01A94}.Release|Any CPU.ActiveCfg = Release|Any CPU
		{EC10311F-4AD5-427C-91D0-100516A01A94}.Release|Any CPU.Build.0 = Release|Any CPU
		{F983A878-9551-42B8-9379-877A43213E22}.Debug|Any CPU.ActiveCfg = Debug|Any CPU
		{F983A878-9551-42B8-9379-877A43213E22}.Debug|Any CPU.Build.0 = Debug|Any CPU
		{F983A878-9551-42B8-9379-877A43213E22}.Release|Any CPU.ActiveCfg = Release|Any CPU
		{F983A878-9551-42B8-9379-877A43213E22}.Release|Any CPU.Build.0 = Release|Any CPU
	EndGlobalSection
	GlobalSection(NestedProjects) = preSolution
	EndGlobalSection
	GlobalSection(MonoDevelopProperties) = preSolution
		StartupItem = Data4\Data4.csproj
	EndGlobalSection
	GlobalSection(SolutionProperties) = preSolution
		HideSolutionNode = FALSE
	EndGlobalSection
EndGlobal
